
Microsoft Visual Studio Solution File, Format Version 12.00
# Visual Studio 2012
Project("{FAE04EC0-301F-11D3-BF4B-00C04F79EFBC}") = "Lista3", "Lista3\Lista3.csproj", "{5898AE47-54B7-4380-8AF7-CCCDAE301361}"
EndProject
Global
	GlobalSection(SolutionConfigurationPlatforms) = preSolution
		Debug|x86 = Debug|x86
		Release|x86 = Release|x86
	EndGlobalSection
	GlobalSection(ProjectConfigurationPlatforms) = postSolution
		{5898AE47-54B7-4380-8AF7-CCCDAE301361}.Debug|x86.ActiveCfg = Debug|x86
		{5898AE47-54B7-4380-8AF7-CCCDAE301361}.Debug|x86.Build.0 = Debug|x86
		{5898AE47-54B7-4380-8AF7-CCCDAE301361}.Release|x86.ActiveCfg = Release|x86
		{5898AE47-54B7-4380-8AF7-CCCDAE301361}.Release|x86.Build.0 = Release|x86
	EndGlobalSection
	GlobalSection(MonoDevelopProperties) = preSolution
		StartupItem = Lista3\Lista3.csproj
	EndGlobalSection
EndGlobal
